{
  "name": "unicus",
  "version": "1.0.0",
  "lockfileVersion": 1,
  "requires": true,
  "dependencies": {
    "@hookform/resolvers": {
      "version": "0.1.0",
      "resolved": "https://registry.npmjs.org/@hookform/resolvers/-/resolvers-0.1.0.tgz",
      "integrity": "sha512-/6cnDycgWhmvUpRmYY7506qJlym+hirk4tbt2waY3C2rOjFn+4/Gt4CuVLzjrsNJvOJkN36bx+OSlccecBgsrg=="
    }
  }
}
